{
    "hash": "dd3dc1f260fb37ea8cd3053056666580",
    "packages": [
        {
            "package": "doctrine/common",
            "version": "dev-master",
            "source-reference": "f8e2aadf388ab1e6b36263a73d5e314c477f96c7",
            "alias": "2.3.9999999.9999999-dev"
        },
        {
            "package": "doctrine/mongodb",
            "version": "dev-master",
            "source-reference": "71d862d27dad00b82f45f2c98f2000ecdd654ea6"
        },
        {
            "package": "doctrine/mongodb-odm",
            "version": "dev-master",
            "source-reference": "36b376ef50088ec13cc372b896b01bdf96759409"
        },
        {
            "package": "doctrine/mongodb-odm-bundle",
            "version": "dev-master",
            "source-reference": "30211cc1eb2ec45d8028ac4663d00149a9abc913"
        },
        {
            "package": "getid3/getid3",
            "version": "1.9.3"
        },
        {
            "package": "jms/metadata",
            "version": "dev-master",
            "source-reference": "a2ae95448bd13bcfbba5f7fead40b379a84da02d"
        },
        {
            "package": "jms/serializer-bundle",
            "version": "dev-master",
            "source-reference": "904e41c55e795939b487d956ab5ebba5baebdc23"
        },
        {
            "package": "kriswallsmith/assetic",
            "version": "dev-master",
            "source-reference": "1a1b5f963db158a1065343fab617d25ce351a2dc"
        },
        {
            "package": "monolog/monolog",
            "version": "1.1.0"
        },
        {
            "package": "sensio/distribution-bundle",
            "version": "dev-master",
            "source-reference": "b35ee4438b4d2351e8115cbf318c461b90fd8c7f"
        },
        {
            "package": "sensio/framework-extra-bundle",
            "version": "dev-master",
            "source-reference": "e00b525b14784ea4f21c14945e58b4a76a530a6a"
        },
        {
            "package": "sensio/generator-bundle",
            "version": "dev-master",
            "source-reference": "0813379920dcaa4b06361501f654379383d75f16"
        },
        {
            "package": "swiftmailer/swiftmailer",
            "version": "dev-master",
            "source-reference": "d33d54cc8a081b0b85734744936ede1ba230dd64",
            "alias": "4.1.9999999.9999999-dev"
        },
        {
            "package": "symfony/assetic-bundle",
            "version": "dev-master",
            "source-reference": "61c9f363e73b4ecbb72f81eb62675260a1132048"
        },
        {
            "package": "symfony/monolog-bundle",
            "version": "dev-master",
            "source-reference": "51a25acc57f4c027b28f0305976b887e2da6250a"
        },
        {
            "package": "symfony/swiftmailer-bridge",
            "version": "dev-master",
            "source-reference": "408eb09f5799d393ddc3d916ec3667857fb3a20d"
        },
        {
            "package": "symfony/swiftmailer-bundle",
            "version": "dev-master",
            "source-reference": "71e1789868665cf94dc7831f645625fd0f70aac6"
        },
        {
            "package": "symfony/symfony",
            "version": "dev-master",
            "source-reference": "ff4d446c5e93c3261853d8e0da7fd0e146e3d1c0",
            "alias": "2.1.9999999.9999999-dev"
        },
        {
            "package": "twig/extensions",
            "version": "dev-master",
            "source-reference": "feb6d3f10c411e2631997c0a905aa581c80305c1"
        },
        {
            "package": "twig/twig",
            "version": "dev-master",
            "source-reference": "573a36097146b319e5fb36546a0377c7440bbfe3",
            "alias": "1.8.9999999.9999999-dev"
        }
    ],
    "packages-dev": null,
    "aliases": []
}
