{
    "hash": "58b17df01775136fd6080e345e7b1fff",
    "packages": [
        {
            "name": "ac/transcoding",
            "version": "0.2.1",
            "target-dir": "AC/Component/Transcoding",
            "source": {
                "type": "git",
                "url": "git://github.com/AmericanCouncils/Transcoding.git",
                "reference": "0.2.1"
            },
            "dist": {
                "type": "zip",
                "url": "https://github.com/AmericanCouncils/Transcoding/zipball/0.2.1",
                "reference": "0.2.1",
                "shasum": ""
            },
            "require": {
                "php": ">=5.3.2",
                "ext-fileinfo": "*",
                "symfony/event-dispatcher": "2.1.*"
            },
            "require-dev": {
                "symfony/process": "2.1.*"
            },
            "time": "2012-08-21 18:39:58",
            "type": "library",
            "installation-source": "dist",
            "autoload": {
                "psr-0": {
                    "AC\\Component\\Transcoding": ""
                }
            }
        },
        {
            "name": "ac/transcoding-bundle",
            "version": "dev-master",
            "target-dir": "AC/TranscodingBundle",
            "source": {
                "type": "git",
                "url": "https://github.com/AmericanCouncils/TranscodingBundle",
                "reference": "e771a764fbc2c1327aaada74f572db83855709a6"
            },
            "dist": {
                "type": "zip",
                "url": "https://github.com/AmericanCouncils/TranscodingBundle/zipball/e771a764fbc2c1327aaada74f572db83855709a6",
                "reference": "e771a764fbc2c1327aaada74f572db83855709a6",
                "shasum": ""
            },
            "require": {
                "php": ">=5.3.3",
                "symfony/dependency-injection": "2.1.*",
                "symfony/http-kernel": "2.1.*",
                "ac/transcoding": "0.2.*"
            },
            "suggest": {
                "sonata-project/notification-bundle": "2.0.*"
            },
            "time": "1347034444",
            "type": "symfony-bundle",
            "installation-source": "source",
            "autoload": {
                "psr-0": {
                    "AC\\TranscodingBundle": ""
                }
            },
            "license": [
                "MIT"
            ],
            "authors": [
                {
                    "name": "Evan Villemez",
                    "email": "evan.villemez@americancouncils.org"
                }
            ],
            "description": "Provides container services for using the AC Transcoding component in your Symfony2 project.",
            "keywords": [
                "files",
                "transcoding"
            ]
        },
        {
            "name": "dflydev/markdown",
            "version": "dev-master",
            "source": {
                "type": "git",
                "url": "https://github.com/dflydev/dflydev-markdown.git",
                "reference": "11f8faa2d17f717a038b4d372abd22a6ac4a15dc"
            },
            "dist": {
                "type": "zip",
                "url": "https://github.com/dflydev/dflydev-markdown/zipball/11f8faa2d17f717a038b4d372abd22a6ac4a15dc",
                "reference": "11f8faa2d17f717a038b4d372abd22a6ac4a15dc",
                "shasum": ""
            },
            "require": {
                "php": ">=5.3"
            },
            "time": "1342369887",
            "type": "library",
            "extra": {
                "branch-alias": {
                    "dev-master": "1.0-dev"
                }
            },
            "installation-source": "source",
            "autoload": {
                "psr-0": {
                    "dflydev\\markdown": "src"
                }
            }
        },
        {
            "name": "doctrine/common",
            "version": "2.3.x-dev",
            "source": {
                "type": "git",
                "url": "https://github.com/doctrine/common",
                "reference": "bb0aebbf234db52df476a2b473d434745b34221c"
            },
            "dist": {
                "type": "zip",
                "url": "https://github.com/doctrine/common/zipball/bb0aebbf234db52df476a2b473d434745b34221c",
                "reference": "bb0aebbf234db52df476a2b473d434745b34221c",
                "shasum": ""
            },
            "require": {
                "php": ">=5.3.2"
            },
            "time": "1348120518",
            "type": "library",
            "extra": {
                "branch-alias": {
                    "dev-master": "2.3.x-dev"
                }
            },
            "installation-source": "source",
            "autoload": {
                "psr-0": {
                    "Doctrine\\Common": "lib/"
                }
            },
            "license": [
                "MIT"
            ],
            "authors": [
                {
                    "name": "Jonathan Wage",
                    "email": "jonwage@gmail.com",
                    "homepage": "http://www.jwage.com/"
                },
                {
                    "name": "Guilherme Blanco",
                    "email": "guilhermeblanco@gmail.com",
                    "homepage": "http://www.instaclick.com"
                },
                {
                    "name": "Roman Borschel",
                    "email": "roman@code-factory.org"
                },
                {
                    "name": "Benjamin Eberlei",
                    "email": "kontakt@beberlei.de"
                },
                {
                    "name": "Johannes M. Schmitt",
                    "email": "schmittjoh@gmail.com",
                    "homepage": "http://jmsyst.com",
                    "role": "Developer of wrapped JMSSerializerBundle"
                }
            ],
            "description": "Common Library for Doctrine projects",
            "homepage": "http://www.doctrine-project.org",
            "keywords": [
                "collections",
                "spl",
                "eventmanager",
                "annotations",
                "persistence"
            ]
        },
        {
            "name": "doctrine/mongodb",
            "version": "dev-master",
            "source": {
                "type": "git",
                "url": "https://github.com/doctrine/mongodb",
                "reference": "27f5d6fa6cbf9bbfaa2c56c5618ffc26476fc399"
            },
            "dist": {
                "type": "zip",
                "url": "https://github.com/doctrine/mongodb/zipball/27f5d6fa6cbf9bbfaa2c56c5618ffc26476fc399",
                "reference": "27f5d6fa6cbf9bbfaa2c56c5618ffc26476fc399",
                "shasum": ""
            },
            "require": {
                "php": ">=5.3.2",
                "ext-mongo": "*",
                "symfony/yaml": ">=2.0,<2.2-dev",
                "symfony/console": ">=2.0,<2.2-dev",
                "doctrine/common": ">=2.1.0,<2.5-dev"
            },
            "time": "1348955973",
            "type": "library",
            "extra": {
                "branch-alias": {
                    "dev-master": "1.0.x-dev"
                }
            },
            "installation-source": "source",
            "autoload": {
                "psr-0": {
                    "Doctrine\\MongoDB": "lib/"
                }
            },
            "license": [
                "MIT"
            ],
            "authors": [
                {
                    "name": "Bulat Shakirzyanov",
                    "email": "mallluhuct@gmail.com",
                    "homepage": "http://avalanche123.com"
                },
                {
                    "name": "Jonathan Wage",
                    "email": "jonwage@gmail.com",
                    "homepage": "http://www.jwage.com/"
                },
                {
                    "name": "Kris Wallsmith",
                    "email": "kris.wallsmith@gmail.com",
                    "homepage": "http://kriswallsmith.net/"
                }
            ],
            "description": "Doctrine MongoDB Abstraction Layer",
            "homepage": "http://www.doctrine-project.org",
            "keywords": [
                "persistence",
                "mongodb"
            ]
        },
        {
            "name": "doctrine/mongodb-odm",
            "version": "dev-master",
            "source": {
                "type": "git",
                "url": "https://github.com/doctrine/mongodb-odm.git",
                "reference": "3f6779f5abaf5ee2d278e40d930e90d714074aae"
            },
            "dist": {
                "type": "zip",
                "url": "https://github.com/doctrine/mongodb-odm/zipball/3f6779f5abaf5ee2d278e40d930e90d714074aae",
                "reference": "3f6779f5abaf5ee2d278e40d930e90d714074aae",
                "shasum": ""
            },
            "require": {
                "php": ">=5.3.2",
                "doctrine/common": ">=2.2.0,<2.5-dev",
                "symfony/yaml": ">=2.0-dev,<2.2-dev",
                "symfony/console": ">=2.0-dev,<2.2-dev",
                "doctrine/mongodb": ">=1.0.0-beta1,<1.1-dev"
            },
            "time": "1350073959",
            "type": "library",
            "extra": {
                "branch-alias": {
                    "dev-master": "1.0.x-dev"
                }
            },
            "installation-source": "source",
            "autoload": {
                "psr-0": {
                    "Doctrine\\ODM\\MongoDB": "lib/"
                }
            },
            "license": [
                "MIT"
            ],
            "authors": [
                {
                    "name": "Bulat Shakirzyanov",
                    "email": "mallluhuct@gmail.com",
                    "homepage": "http://avalanche123.com"
                },
                {
                    "name": "Jonathan H. Wage",
                    "email": "jonwage@gmail.com",
                    "homepage": "http://www.jwage.com/"
                },
                {
                    "name": "Kris Wallsmith",
                    "email": "kris@symfony.com"
                }
            ],
            "description": "Doctrine MongoDB Object Document Mapper",
            "homepage": "http://www.doctrine-project.org",
            "keywords": [
                "persistence",
                "mongodb"
            ]
        },
        {
            "name": "doctrine/mongodb-odm-bundle",
            "version": "dev-master",
            "target-dir": "Doctrine/Bundle/MongoDBBundle",
            "source": {
                "type": "git",
                "url": "https://github.com/doctrine/DoctrineMongoDBBundle.git",
                "reference": "6e1a947be1c6ea33931511209072f7618842a72b"
            },
            "dist": {
                "type": "zip",
                "url": "https://github.com/doctrine/DoctrineMongoDBBundle/zipball/6e1a947be1c6ea33931511209072f7618842a72b",
                "reference": "6e1a947be1c6ea33931511209072f7618842a72b",
                "shasum": ""
            },
            "require": {
                "php": ">=5.3.2",
                "doctrine/mongodb-odm": ">=1.0.0-beta5,<1.1-dev",
                "symfony/options-resolver": ">=2.1,<2.3-dev",
                "symfony/doctrine-bridge": ">=2.1,<2.3-dev",
                "symfony/framework-bundle": ">=2.1,<2.3-dev"
            },
            "require-dev": {
                "doctrine/data-fixtures": "@dev",
                "symfony/form": ">=2.1,<2.3-dev"
            },
            "suggest": {
                "doctrine/data-fixtures": "Load data fixtures"
            },
            "time": "1349978842",
            "type": "symfony-bundle",
            "extra": {
                "branch-alias": {
                    "dev-master": "3.0-dev"
                }
            },
            "installation-source": "source",
            "autoload": {
                "psr-0": {
                    "Doctrine\\Bundle\\MongoDBBundle": ""
                }
            },
            "license": [
                "MIT"
            ],
            "authors": [
                {
                    "name": "Bulat Shakirzyanov",
                    "email": "mallluhuct@gmail.com",
                    "homepage": "http://avalanche123.com"
                },
                {
                    "name": "Jonathan Wage",
                    "email": "jonwage@gmail.com",
                    "homepage": "http://www.jwage.com/"
                },
                {
                    "name": "Kris Wallsmith",
                    "email": "kris@symfony.com"
                }
            ],
            "description": "Symfony2 Doctrine MongoDB Bundle",
            "homepage": "http://www.doctrine-project.org",
            "keywords": [
                "persistence",
                "symfony",
                "mongodb"
            ]
        },
        {
            "name": "getid3/getid3",
            "version": "1.9.3",
            "dist": {
                "type": "zip",
                "url": "http://downloads.sourceforge.net/project/getid3/getID3%28%29%201.x/1.9.3/getid3-1.9.3-20111213.zip?r=http%3A%2F%2Fwww.google.com%2Furl%3Fsa%3Dt%26rct%3Dj%26q%3Dgetid3%2520download%26source%3Dweb%26cd%3D3%26ved%3D0CGIQFjAC%26url%3Dhttp%253A%252F%252Fsourceforge.net%252Fprojects%252Fgetid3%252Ffiles%252Flatest%252Fdownload%26ei%3DNPu8T-r4GsG46QG_uoxG%26usg%3DAFQjCNFz3LqAXh-pQFwXXRLMnXy41BPkKQ&ts=1337785158&use_mirror=iweb",
                "reference": null,
                "shasum": null
            },
            "type": "library",
            "installation-source": "dist",
            "autoload": {
                "classmap": [
                    "getid3/"
                ]
            }
        },
        {
            "name": "jms/metadata",
            "version": "dev-master",
            "source": {
                "type": "git",
                "url": "https://github.com/schmittjoh/metadata",
                "reference": "a965c62e73891ec324d9e1fc8b0389dd42ade09d"
            },
            "dist": {
                "type": "zip",
                "url": "https://github.com/schmittjoh/metadata/zipball/a965c62e73891ec324d9e1fc8b0389dd42ade09d",
                "reference": "a965c62e73891ec324d9e1fc8b0389dd42ade09d",
                "shasum": ""
            },
            "require": {
                "php": ">=5.3.0"
            },
            "require-dev": {
                "doctrine/common": ">=2.0,<2.4-dev"
            },
            "suggest": {
                "doctrine/common": ">=2.0"
            },
            "time": "1350036797",
            "type": "library",
            "extra": {
                "branch-alias": {
                    "dev-master": "1.2.x-dev"
                }
            },
            "installation-source": "source",
            "autoload": {
                "psr-0": {
                    "Metadata\\": "src/"
                }
            },
            "license": [
                "Apache"
            ],
            "authors": [
                {
                    "name": "Johannes M. Schmitt",
                    "email": "schmittjoh@gmail.com",
                    "homepage": "http://jmsyst.com",
                    "role": "Developer of wrapped JMSSerializerBundle"
                }
            ],
            "description": "Class/method/property metadata management in PHP",
            "keywords": [
                "annotations",
                "yaml",
                "xml",
                "metadata"
            ]
        },
        {
            "name": "jms/serializer-bundle",
            "version": "0.9.0",
            "target-dir": "JMS/SerializerBundle",
            "source": {
                "type": "git",
                "url": "https://github.com/schmittjoh/JMSSerializerBundle.git",
                "reference": "0.9.0"
            },
            "dist": {
                "type": "zip",
                "url": "https://github.com/schmittjoh/JMSSerializerBundle/zipball/0.9.0",
                "reference": "0.9.0",
                "shasum": ""
            },
            "require": {
                "php": ">=5.3.2",
                "jms/metadata": ">=1.1.0,<1.3-dev"
            },
            "require-dev": {
                "symfony/framework-bundle": ">=2.0,<2.2-dev",
                "symfony/yaml": ">=2.0,<2.2-dev",
                "symfony/form": ">=2.0,<2.2-dev",
                "symfony/validator": ">=2.0,<2.2-dev",
                "twig/twig": ">=1.8,<2.0-dev",
                "doctrine/orm": ">=2.1,<2.4-dev"
            },
            "time": "2012-09-20 14:23:52",
            "type": "symfony-bundle",
            "extra": {
                "branch-alias": {
                    "dev-master": "0.9.x-dev"
                }
            },
            "installation-source": "source",
            "autoload": {
                "psr-0": {
                    "JMS\\SerializerBundle": ""
                }
            },
            "license": [
                "Apache2"
            ],
            "authors": [
                {
                    "name": "Johannes M. Schmitt",
                    "email": "schmittjoh@gmail.com",
                    "homepage": "http://jmsyst.com",
                    "role": "Developer of wrapped JMSSerializerBundle"
                }
            ],
            "description": "Allows you to easily serialize, and deserialize object graphs of any complexity",
            "homepage": "http://jmsyst.com/bundles/JMSSerializerBundle",
            "keywords": [
                "json",
                "xml",
                "serialization",
                "deserialization",
                "jaxb"
            ]
        },
        {
            "name": "kriswallsmith/assetic",
            "version": "dev-master",
            "source": {
                "type": "git",
                "url": "http://github.com/kriswallsmith/assetic.git",
                "reference": "e22c5e07e672bb0cf43127e97e9368b53abf4aa8"
            },
            "dist": {
                "type": "zip",
                "url": "https://github.com/kriswallsmith/assetic/zipball/e22c5e07e672bb0cf43127e97e9368b53abf4aa8",
                "reference": "e22c5e07e672bb0cf43127e97e9368b53abf4aa8",
                "shasum": ""
            },
            "require": {
                "symfony/process": ">=2.1.0,<2.3-dev",
                "php": ">=5.3.1"
            },
            "require-dev": {
                "twig/twig": ">=1.6.0,<2.0",
                "leafo/lessphp": "*",
                "leafo/scssphp": "*",
                "ptachoire/cssembed": "*",
                "leafo/scssphp-compass": "*"
            },
            "suggest": {
                "twig/twig": "Assetic provides the integration with the Twig templating engine",
                "leafo/lessphp": "Assetic provides the integration with the lessphp LESS compiler",
                "leafo/scssphp": "Assetic provides the integration with the scssphp SCSS compiler",
                "ptachoire/cssembed": "Assetic provides the integration with phpcssembed to embed data uris",
                "leafo/scssphp-compass": "Assetic provides the integration with the SCSS compass plugin"
            },
            "time": "1349004759",
            "type": "library",
            "extra": {
                "branch-alias": {
                    "dev-master": "1.1-dev"
                }
            },
            "installation-source": "source",
            "autoload": {
                "psr-0": {
                    "Assetic": "src/"
                },
                "files": [
                    "src/functions.php"
                ]
            },
            "license": [
                "MIT"
            ],
            "authors": [
                {
                    "name": "Kris Wallsmith",
                    "email": "kris.wallsmith@gmail.com",
                    "homepage": "http://kriswallsmith.net/"
                }
            ],
            "description": "Asset Management for PHP",
            "homepage": "https://github.com/kriswallsmith/assetic",
            "keywords": [
                "assets",
                "compression",
                "minification"
            ]
        },
        {
            "name": "monolog/monolog",
            "version": "dev-master",
            "source": {
                "type": "git",
                "url": "https://github.com/Seldaek/monolog",
                "reference": "09b3a80cfaf3e323e348a5e817afeee98d5e6b48"
            },
            "dist": {
                "type": "zip",
                "url": "https://github.com/Seldaek/monolog/zipball/09b3a80cfaf3e323e348a5e817afeee98d5e6b48",
                "reference": "09b3a80cfaf3e323e348a5e817afeee98d5e6b48",
                "shasum": ""
            },
            "require": {
                "php": ">=5.3.0"
            },
            "require-dev": {
                "mlehner/gelf-php": "1.0.*"
            },
            "suggest": {
                "mlehner/gelf-php": "Allow sending log messages to a GrayLog2 server",
                "ext-amqp": "Allow sending log messages to an AMQP server (1.0+ required)",
                "ext-mongo": "Allow sending log messages to a MongoDB server"
            },
            "time": "1347983448",
            "type": "library",
            "extra": {
                "branch-alias": {
                    "dev-master": "1.3.x-dev"
                }
            },
            "installation-source": "source",
            "autoload": {
                "psr-0": {
                    "Monolog": "src/"
                }
            },
            "license": [
                "MIT"
            ],
            "authors": [
                {
                    "name": "Jordi Boggiano",
                    "email": "j.boggiano@seld.be",
                    "homepage": "http://seld.be",
                    "role": "Developer"
                }
            ],
            "description": "Logging for PHP 5.3",
            "homepage": "http://github.com/Seldaek/monolog",
            "keywords": [
                "log",
                "logging"
            ]
        },
        {
            "name": "nelmio/api-doc-bundle",
            "version": "dev-master",
            "target-dir": "Nelmio/ApiDocBundle",
            "source": {
                "type": "git",
                "url": "http://github.com/nelmio/NelmioApiDocBundle",
                "reference": "65c634d32bb73302f2a9a92e1606718cf06265a9"
            },
            "dist": {
                "type": "zip",
                "url": "https://github.com/nelmio/NelmioApiDocBundle/zipball/65c634d32bb73302f2a9a92e1606718cf06265a9",
                "reference": "65c634d32bb73302f2a9a92e1606718cf06265a9",
                "shasum": ""
            },
            "require": {
                "symfony/framework-bundle": "2.1.*",
                "symfony/twig-bundle": "2.1.*",
                "symfony/form": "2.1.*",
                "dflydev/markdown": "1.0.*"
            },
            "require-dev": {
                "symfony/css-selector": "2.1.*",
                "symfony/browser-kit": "2.1.*",
                "symfony/validator": "2.1.*",
                "symfony/yaml": "2.1.*",
                "friendsofsymfony/rest-bundle": "dev-master",
                "jms/serializer-bundle": "0.9.*"
            },
            "time": "1346402290",
            "type": "symfony-bundle",
            "extra": {
                "branch-alias": {
                    "dev-master": "2.0.x-dev"
                }
            },
            "installation-source": "source",
            "autoload": {
                "psr-0": {
                    "Nelmio\\ApiDocBundle": ""
                }
            }
        },
        {
            "name": "sensio/distribution-bundle",
            "version": "2.1.x-dev",
            "target-dir": "Sensio/Bundle/DistributionBundle",
            "source": {
                "type": "git",
                "url": "https://github.com/sensio/SensioDistributionBundle",
                "reference": "v2.1.1"
            },
            "dist": {
                "type": "zip",
                "url": "https://github.com/sensio/SensioDistributionBundle/zipball/v2.1.1",
                "reference": "v2.1.1",
                "shasum": ""
            },
            "require": {
                "symfony/framework-bundle": "2.1.*"
            },
            "time": "1347340208",
            "type": "symfony-bundle",
            "extra": {
                "branch-alias": {
                    "dev-master": "2.1.x-dev"
                }
            },
            "installation-source": "source",
            "autoload": {
                "psr-0": {
                    "Sensio\\Bundle\\DistributionBundle": ""
                }
            },
            "license": [
                "MIT"
            ],
            "authors": [
                {
                    "name": "Fabien Potencier",
                    "email": "fabien@symfony.com"
                }
            ],
            "description": "The base bundle for the Symfony Distributions",
            "keywords": [
                "distribution",
                "configuration"
            ]
        },
        {
            "name": "sensio/framework-extra-bundle",
            "version": "2.1.x-dev",
            "target-dir": "Sensio/Bundle/FrameworkExtraBundle",
            "source": {
                "type": "git",
                "url": "https://github.com/sensio/SensioFrameworkExtraBundle",
                "reference": "53a2a5e5ba052b2ae281f3b8bd9b530947a328b4"
            },
            "dist": {
                "type": "zip",
                "url": "https://github.com/sensio/SensioFrameworkExtraBundle/zipball/53a2a5e5ba052b2ae281f3b8bd9b530947a328b4",
                "reference": "53a2a5e5ba052b2ae281f3b8bd9b530947a328b4",
                "shasum": ""
            },
            "require": {
                "symfony/framework-bundle": "2.1.*",
                "doctrine/common": ">=2.1,<2.4-dev"
            },
            "time": "1349786071",
            "type": "symfony-bundle",
            "extra": {
                "branch-alias": {
                    "dev-master": "2.1.x-dev"
                }
            },
            "installation-source": "source",
            "autoload": {
                "psr-0": {
                    "Sensio\\Bundle\\FrameworkExtraBundle": ""
                }
            },
            "license": [
                "MIT"
            ],
            "authors": [
                {
                    "name": "Fabien Potencier",
                    "email": "fabien@symfony.com"
                }
            ],
            "description": "This bundle provides a way to configure your controllers with annotations",
            "keywords": [
                "annotations",
                "controllers"
            ]
        },
        {
            "name": "sensio/generator-bundle",
            "version": "2.1.x-dev",
            "target-dir": "Sensio/Bundle/GeneratorBundle",
            "source": {
                "type": "git",
                "url": "https://github.com/sensio/SensioGeneratorBundle",
                "reference": "3a65c9bf7d31aecacffc15a48f5eb2ece3615ef0"
            },
            "dist": {
                "type": "zip",
                "url": "https://github.com/sensio/SensioGeneratorBundle/zipball/3a65c9bf7d31aecacffc15a48f5eb2ece3615ef0",
                "reference": "3a65c9bf7d31aecacffc15a48f5eb2ece3615ef0",
                "shasum": ""
            },
            "require": {
                "symfony/framework-bundle": "2.1.*",
                "symfony/console": "2.1.*"
            },
            "require-dev": {
                "symfony/doctrine-bridge": "2.1.*",
                "doctrine/orm": ">=2.1,<2.4-dev",
                "twig/twig": ">=1.8,<2.0-dev"
            },
            "time": "1348030981",
            "type": "symfony-bundle",
            "extra": {
                "branch-alias": {
                    "dev-master": "2.1.x-dev"
                }
            },
            "installation-source": "source",
            "autoload": {
                "psr-0": {
                    "Sensio\\Bundle\\GeneratorBundle": ""
                }
            },
            "license": [
                "MIT"
            ],
            "authors": [
                {
                    "name": "Fabien Potencier",
                    "email": "fabien@symfony.com"
                }
            ],
            "description": "This bundle generates code for you"
        },
        {
            "name": "swiftmailer/swiftmailer",
            "version": "dev-master",
            "source": {
                "type": "git",
                "url": "git://github.com/swiftmailer/swiftmailer.git",
                "reference": "22731e907f5ca288c9bfde6b54f3611ace0a6c39"
            },
            "dist": {
                "type": "zip",
                "url": "https://github.com/swiftmailer/swiftmailer/zipball/22731e907f5ca288c9bfde6b54f3611ace0a6c39",
                "reference": "22731e907f5ca288c9bfde6b54f3611ace0a6c39",
                "shasum": ""
            },
            "require": {
                "php": ">=5.2.4"
            },
            "time": "1349196829",
            "type": "library",
            "extra": {
                "branch-alias": {
                    "dev-master": "4.2-dev"
                }
            },
            "installation-source": "source",
            "autoload": {
                "files": [
                    "lib/swift_required.php"
                ]
            },
            "license": [
                "LGPL"
            ],
            "authors": [
                {
                    "name": "Fabien Potencier",
                    "email": "fabien@symfony.com"
                },
                {
                    "name": "Chris Corbyn"
                }
            ],
            "description": "Swiftmailer, free feature-rich PHP mailer",
            "homepage": "http://swiftmailer.org",
            "keywords": [
                "mail",
                "mailer"
            ]
        },
        {
            "name": "symfony/assetic-bundle",
            "version": "dev-master",
            "target-dir": "Symfony/Bundle/AsseticBundle",
            "source": {
                "type": "git",
                "url": "https://github.com/symfony/AsseticBundle",
                "reference": "bc7cddba9b63ca47d3e1eba725cae1a52ec32897"
            },
            "dist": {
                "type": "zip",
                "url": "https://github.com/symfony/AsseticBundle/zipball/bc7cddba9b63ca47d3e1eba725cae1a52ec32897",
                "reference": "bc7cddba9b63ca47d3e1eba725cae1a52ec32897",
                "shasum": ""
            },
            "require": {
                "php": ">=5.3.0",
                "kriswallsmith/assetic": "1.1.*",
                "symfony/framework-bundle": ">=2.1.0,<2.3-dev"
            },
            "require-dev": {
                "symfony/twig-bundle": ">=2.1.0,<2.3-dev",
                "symfony/console": ">=2.1.0,<2.3-dev",
                "symfony/class-loader": ">=2.1.0,<2.3-dev",
                "symfony/yaml": ">=2.1.0,<2.3-dev",
                "symfony/form": ">=2.1.0,<2.3-dev",
                "symfony/dom-crawler": ">=2.1.0,<2.3-dev",
                "symfony/css-selector": ">=2.1.0,<2.3-dev"
            },
            "suggest": {
                "symfony/twig-bundle": ">=2.1.0,<2.3-dev"
            },
            "time": "1349897943",
            "type": "symfony-bundle",
            "extra": {
                "branch-alias": {
                    "dev-master": "2.1.x-dev"
                }
            },
            "installation-source": "source",
            "autoload": {
                "psr-0": {
                    "Symfony\\Bundle\\AsseticBundle": ""
                }
            },
            "license": [
                "MIT"
            ],
            "authors": [
                {
                    "name": "Kris Wallsmith",
                    "email": "kris.wallsmith@gmail.com",
                    "homepage": "http://kriswallsmith.net/"
                }
            ],
            "description": "Integrates Assetic into Symfony2",
            "homepage": "https://github.com/symfony/AsseticBundle",
            "keywords": [
                "assets",
                "compression",
                "minification"
            ]
        },
        {
            "name": "symfony/monolog-bundle",
            "version": "dev-master",
            "target-dir": "Symfony/Bundle/MonologBundle",
            "source": {
                "type": "git",
                "url": "https://github.com/symfony/MonologBundle",
                "reference": "51517152a608926ee6b40ed8cfbba1a708f0a14f"
            },
            "dist": {
                "type": "zip",
                "url": "https://github.com/symfony/MonologBundle/zipball/51517152a608926ee6b40ed8cfbba1a708f0a14f",
                "reference": "51517152a608926ee6b40ed8cfbba1a708f0a14f",
                "shasum": ""
            },
            "require": {
                "php": ">=5.3.2",
                "monolog/monolog": "1.*",
                "symfony/monolog-bridge": ">=2.1.0,<2.3-dev",
                "symfony/dependency-injection": ">=2.1.0,<2.3-dev",
                "symfony/config": ">=2.1.0,<2.3-dev"
            },
            "require-dev": {
                "symfony/yaml": ">=2.1.0,<2.3-dev",
                "symfony/config": ">=2.1.0,<2.3-dev"
            },
            "time": "1348137624",
            "type": "symfony-bundle",
            "extra": {
                "branch-alias": {
                    "dev-master": "2.1.x-dev"
                }
            },
            "installation-source": "source",
            "autoload": {
                "psr-0": {
                    "Symfony\\Bundle\\MonologBundle": ""
                }
            },
            "license": [
                "MIT"
            ],
            "authors": [
                {
                    "name": "Fabien Potencier",
                    "email": "fabien@symfony.com"
                },
                {
                    "name": "Symfony Community",
                    "homepage": "http://symfony.com/contributors"
                }
            ],
            "description": "Symfony MonologBundle",
            "homepage": "http://symfony.com"
        },
        {
            "name": "symfony/swiftmailer-bundle",
            "version": "dev-master",
            "target-dir": "Symfony/Bundle/SwiftmailerBundle",
            "source": {
                "type": "git",
                "url": "https://github.com/symfony/SwiftmailerBundle",
                "reference": "e055faf5d7279f3c01ffd58f1548e0fc524b71d1"
            },
            "dist": {
                "type": "zip",
                "url": "https://github.com/symfony/SwiftmailerBundle/zipball/e055faf5d7279f3c01ffd58f1548e0fc524b71d1",
                "reference": "e055faf5d7279f3c01ffd58f1548e0fc524b71d1",
                "shasum": ""
            },
            "require": {
                "php": ">=5.3.2",
                "swiftmailer/swiftmailer": ">=4.2.0,<4.3-dev",
                "symfony/swiftmailer-bridge": ">=2.1.0,<2.3-dev"
            },
            "require-dev": {
                "symfony/dependency-injection": ">=2.1.0,<2.3-dev",
                "symfony/http-kernel": ">=2.1.0,<2.3-dev",
                "symfony/config": ">=2.1.0,<2.3-dev",
                "symfony/yaml": ">=2.1.0,<2.3-dev"
            },
            "time": "1348137776",
            "type": "symfony-bundle",
            "extra": {
                "branch-alias": {
                    "dev-master": "2.1-dev"
                }
            },
            "installation-source": "source",
            "autoload": {
                "psr-0": {
                    "Symfony\\Bundle\\SwiftmailerBundle": ""
                }
            },
            "license": [
                "MIT"
            ],
            "authors": [
                {
                    "name": "Fabien Potencier",
                    "email": "fabien@symfony.com"
                },
                {
                    "name": "Symfony Community",
                    "homepage": "http://symfony.com/contributors"
                }
            ],
            "description": "Symfony SwiftmailerBundle",
            "homepage": "http://symfony.com"
        },
        {
            "name": "symfony/symfony",
            "version": "dev-master",
            "source": {
                "type": "git",
                "url": "git://github.com/symfony/symfony.git",
                "reference": "c0673d77d02e9955f9e80b82478d0b7259a3fc31"
            },
            "dist": {
                "type": "zip",
                "url": "https://github.com/symfony/symfony/zipball/c0673d77d02e9955f9e80b82478d0b7259a3fc31",
                "reference": "c0673d77d02e9955f9e80b82478d0b7259a3fc31",
                "shasum": ""
            },
            "require": {
                "doctrine/common": ">2.2,<2.4-dev",
                "php": ">=5.3.3",
                "twig/twig": ">=1.9.1,<2.0-dev"
            },
            "replace": {
                "symfony/doctrine-bridge": "self.version",
                "symfony/monolog-bridge": "self.version",
                "symfony/twig-bridge": "self.version",
                "symfony/framework-bundle": "self.version",
                "symfony/security-bundle": "self.version",
                "symfony/twig-bundle": "self.version",
                "symfony/web-profiler-bundle": "self.version",
                "symfony/browser-kit": "self.version",
                "symfony/class-loader": "self.version",
                "symfony/config": "self.version",
                "symfony/console": "self.version",
                "symfony/css-selector": "self.version",
                "symfony/dependency-injection": "self.version",
                "symfony/dom-crawler": "self.version",
                "symfony/event-dispatcher": "self.version",
                "symfony/filesystem": "self.version",
                "symfony/finder": "self.version",
                "symfony/form": "self.version",
                "symfony/http-foundation": "self.version",
                "symfony/http-kernel": "self.version",
                "symfony/locale": "self.version",
                "symfony/process": "self.version",
                "symfony/routing": "self.version",
                "symfony/security": "self.version",
                "symfony/serializer": "self.version",
                "symfony/templating": "self.version",
                "symfony/translation": "self.version",
                "symfony/validator": "self.version",
                "symfony/yaml": "self.version",
                "symfony/propel1-bridge": "self.version",
                "symfony/options-resolver": "self.version",
                "symfony/swiftmailer-bridge": "self.version"
            },
            "require-dev": {
                "doctrine/data-fixtures": "1.0.*",
                "propel/propel1": "dev-master",
                "monolog/monolog": "dev-master",
                "doctrine/dbal": ">=2.2,<2.4-dev",
                "doctrine/orm": ">=2.2.3,<2.4-dev"
            },
            "suggest": {
                "doctrine/data-fixtures": "1.0.*"
            },
            "time": "1346413296",
            "type": "library",
            "extra": {
                "branch-alias": {
                    "dev-master": "2.1-dev"
                }
            },
            "installation-source": "source",
            "autoload": {
                "psr-0": {
                    "Symfony": "src/",
                    "SessionHandlerInterface": "src/Symfony/Component/HttpFoundation/Resources/stubs"
                }
            }
        },
        {
            "name": "twig/extensions",
            "version": "dev-master",
            "source": {
                "type": "git",
                "url": "https://github.com/fabpot/Twig-extensions",
                "reference": "dcdff02fbac1282e6b8f4d0558cc7e9580105688"
            },
            "dist": {
                "type": "zip",
                "url": "https://github.com/fabpot/Twig-extensions/zipball/dcdff02fbac1282e6b8f4d0558cc7e9580105688",
                "reference": "dcdff02fbac1282e6b8f4d0558cc7e9580105688",
                "shasum": ""
            },
            "require": {
                "twig/twig": "1.*"
            },
            "time": "1349889206",
            "type": "library",
            "extra": {
                "branch-alias": {
                    "dev-master": "1.0.x-dev"
                }
            },
            "installation-source": "source",
            "autoload": {
                "psr-0": {
                    "Twig_Extensions_": "lib/"
                }
            },
            "license": [
                "MIT"
            ],
            "authors": [
                {
                    "name": "Fabien Potencier",
                    "email": "fabien@symfony.com"
                }
            ],
            "description": "Common additional features for Twig that do not directly belong in core",
            "homepage": "https://github.com/fabpot/Twig-extensions",
            "keywords": [
                "debug",
                "i18n",
                "text"
            ]
        },
        {
            "name": "twig/twig",
            "version": "dev-master",
            "source": {
                "type": "git",
                "url": "git://github.com/fabpot/Twig.git",
                "reference": "e1e9802c562aa4e8f8d5a8d3faaed6f235a38d2f"
            },
            "dist": {
                "type": "zip",
                "url": "https://github.com/fabpot/Twig/zipball/e1e9802c562aa4e8f8d5a8d3faaed6f235a38d2f",
                "reference": "e1e9802c562aa4e8f8d5a8d3faaed6f235a38d2f",
                "shasum": ""
            },
            "require": {
                "php": ">=5.2.4"
            },
            "time": "1350053600",
            "type": "library",
            "extra": {
                "branch-alias": {
                    "dev-master": "1.10-dev"
                }
            },
            "installation-source": "source",
            "autoload": {
                "psr-0": {
                    "Twig_": "lib/"
                }
            },
            "license": [
                "BSD-3"
            ],
            "authors": [
                {
                    "name": "Fabien Potencier",
                    "email": "fabien@symfony.com"
                },
                {
                    "name": "Armin Ronacher",
                    "email": "armin.ronacher@active-4.com"
                }
            ],
            "description": "Twig, the flexible, fast, and secure template language for PHP",
            "homepage": "http://twig.sensiolabs.org",
            "keywords": [
                "templating"
            ]
        }
    ],
    "packages-dev": null,
    "aliases": [

    ],
    "minimum-stability": "dev",
    "stability-flags": {
        "doctrine/mongodb-odm-bundle": 20,
        "twig/extensions": 20,
        "symfony/swiftmailer-bundle": 20,
        "ac/transcoding-bundle": 20,
        "nelmio/api-doc-bundle": 20
    }
}
